
Microsoft Visual Studio Solution File, Format Version 12.00
# Visual Studio 15
VisualStudioVersion = 15.0.28307.1082
MinimumVisualStudioVersion = 10.0.40219.1
Project("{FAE04EC0-301F-11D3-BF4B-00C04F79EFBC}") = "MultiProjects.Android", "MultiProjects\MultiProjects.Android\MultiProjects.Android.csproj", "{A8BEB63C-115E-4C0F-9F50-2CB1BC26BF1E}"
EndProject
Project("{FAE04EC0-301F-11D3-BF4B-00C04F79EFBC}") = "MultiProjects.iOS", "MultiProjects\MultiProjects.iOS\MultiProjects.iOS.csproj", "{FD404122-D077-412C-A9F5-D09EEC130E09}"
EndProject
Project("{FAE04EC0-301F-11D3-BF4B-00C04F79EFBC}") = "MultiProjects.UWP", "MultiProjects\MultiProjects.UWP\MultiProjects.UWP.csproj", "{E730141B-2BDF-4048-8059-9CAF2AA9A1A8}"
EndProject
Project("{FAE04EC0-301F-11D3-BF4B-00C04F79EFBC}") = "MultiProjects", "MultiProjects\MultiProjects\MultiProjects.csproj", "{48C72EDC-B79A-47D8-AACA-DBAF215648DA}"
EndProject
Global
	GlobalSection(SolutionConfigurationPlatforms) = preSolution
		Ad-Hoc|Any CPU = Ad-Hoc|Any CPU
		Ad-Hoc|ARM = Ad-Hoc|ARM
		Ad-Hoc|iPhone = Ad-Hoc|iPhone
		Ad-Hoc|iPhoneSimulator = Ad-Hoc|iPhoneSimulator
		Ad-Hoc|x64 = Ad-Hoc|x64
		Ad-Hoc|x86 = Ad-Hoc|x86
		AppStore|Any CPU = AppStore|Any CPU
		AppStore|ARM = AppStore|ARM
		AppStore|iPhone = AppStore|iPhone
		AppStore|iPhoneSimulator = AppStore|iPhoneSimulator
		AppStore|x64 = AppStore|x64
		AppStore|x86 = AppStore|x86
		Debug|Any CPU = Debug|Any CPU
		Debug|ARM = Debug|ARM
		Debug|iPhone = Debug|iPhone
		Debug|iPhoneSimulator = Debug|iPhoneSimulator
		Debug|x64 = Debug|x64
		Debug|x86 = Debug|x86
		Release|Any CPU = Release|Any CPU
		Release|ARM = Release|ARM
		Release|iPhone = Release|iPhone
		Release|iPhoneSimulator = Release|iPhoneSimulator
		Release|x64 = Release|x64
		Release|x86 = Release|x86
	EndGlobalSection
	GlobalSection(ProjectConfigurationPlatforms) = postSolution
		{A8BEB63C-115E-4C0F-9F50-2CB1BC26BF1E}.Ad-Hoc|Any CPU.ActiveCfg = Release|Any CPU
		{A8BEB63C-115E-4C0F-9F50-2CB1BC26BF1E}.Ad-Hoc|Any CPU.Build.0 = Release|Any CPU
		{A8BEB63C-115E-4C0F-9F50-2CB1BC26BF1E}.Ad-Hoc|Any CPU.Deploy.0 = Release|Any CPU
		{A8BEB63C-115E-4C0F-9F50-2CB1BC26BF1E}.Ad-Hoc|ARM.ActiveCfg = Release|Any CPU
		{A8BEB63C-115E-4C0F-9F50-2CB1BC26BF1E}.Ad-Hoc|ARM.Build.0 = Release|Any CPU
		{A8BEB63C-115E-4C0F-9F50-2CB1BC26BF1E}.Ad-Hoc|ARM.Deploy.0 = Release|Any CPU
		{A8BEB63C-115E-4C0F-9F50-2CB1BC26BF1E}.Ad-Hoc|iPhone.ActiveCfg = Release|Any CPU
		{A8BEB63C-115E-4C0F-9F50-2CB1BC26BF1E}.Ad-Hoc|iPhone.Build.0 = Release|Any CPU
		{A8BEB63C-115E-4C0F-9F50-2CB1BC26BF1E}.Ad-Hoc|iPhone.Deploy.0 = Release|Any CPU
		{A8BEB63C-115E-4C0F-9F50-2CB1BC26BF1E}.Ad-Hoc|iPhoneSimulator.ActiveCfg = Release|Any CPU
		{A8BEB63C-115E-4C0F-9F50-2CB1BC26BF1E}.Ad-Hoc|iPhoneSimulator.Build.0 = Release|Any CPU
		{A8BEB63C-115E-4C0F-9F50-2CB1BC26BF1E}.Ad-Hoc|iPhoneSimulator.Deploy.0 = Release|Any CPU
		{A8BEB63C-115E-4C0F-9F50-2CB1BC26BF1E}.Ad-Hoc|x64.ActiveCfg = Release|Any CPU
		{A8BEB63C-115E-4C0F-9F50-2CB1BC26BF1E}.Ad-Hoc|x64.Build.0 = Release|Any CPU
		{A8BEB63C-115E-4C0F-9F50-2CB1BC26BF1E}.Ad-Hoc|x64.Deploy.0 = Release|Any CPU
		{A8BEB63C-115E-4C0F-9F50-2CB1BC26BF1E}.Ad-Hoc|x86.ActiveCfg = Release|Any CPU
		{A8BEB63C-115E-4C0F-9F50-2CB1BC26BF1E}.Ad-Hoc|x86.Build.0 = Release|Any CPU
		{A8BEB63C-115E-4C0F-9F50-2CB1BC26BF1E}.Ad-Hoc|x86.Deploy.0 = Release|Any CPU
		{A8BEB63C-115E-4C0F-9F50-2CB1BC26BF1E}.AppStore|Any CPU.ActiveCfg = Release|Any CPU
		{A8BEB63C-115E-4C0F-9F50-2CB1BC26BF1E}.AppStore|Any CPU.Build.0 = Release|Any CPU
		{A8BEB63C-115E-4C0F-9F50-2CB1BC26BF1E}.AppStore|Any CPU.Deploy.0 = Release|Any CPU
		{A8BEB63C-115E-4C0F-9F50-2CB1BC26BF1E}.AppStore|ARM.ActiveCfg = Release|Any CPU
		{A8BEB63C-115E-4C0F-9F50-2CB1BC26BF1E}.AppStore|ARM.Build.0 = Release|Any CPU
		{A8BEB63C-115E-4C0F-9F50-2CB1BC26BF1E}.AppStore|ARM.Deploy.0 = Release|Any CPU
		{A8BEB63C-115E-4C0F-9F50-2CB1BC26BF1E}.AppStore|iPhone.ActiveCfg = Release|Any CPU
		{A8BEB63C-115E-4C0F-9F50-2CB1BC26BF1E}.AppStore|iPhone.Build.0 = Release|Any CPU
		{A8BEB63C-115E-4C0F-9F50-2CB1BC26BF1E}.AppStore|iPhone.Deploy.0 = Release|Any CPU
		{A8BEB63C-115E-4C0F-9F50-2CB1BC26BF1E}.AppStore|iPhoneSimulator.ActiveCfg = Release|Any CPU
		{A8BEB63C-115E-4C0F-9F50-2CB1BC26BF1E}.AppStore|iPhoneSimulator.Build.0 = Release|Any CPU
		{A8BEB63C-115E-4C0F-9F50-2CB1BC26BF1E}.AppStore|iPhoneSimulator.Deploy.0 = Release|Any CPU
		{A8BEB63C-115E-4C0F-9F50-2CB1BC26BF1E}.AppStore|x64.ActiveCfg = Release|Any CPU
		{A8BEB63C-115E-4C0F-9F50-2CB1BC26BF1E}.AppStore|x64.Build.0 = Release|Any CPU
		{A8BEB63C-115E-4C0F-9F50-2CB1BC26BF1E}.AppStore|x64.Deploy.0 = Release|Any CPU
		{A8BEB63C-115E-4C0F-9F50-2CB1BC26BF1E}.AppStore|x86.ActiveCfg = Release|Any CPU
		{A8BEB63C-115E-4C0F-9F50-2CB1BC26BF1E}.AppStore|x86.Build.0 = Release|Any CPU
		{A8BEB63C-115E-4C0F-9F50-2CB1BC26BF1E}.AppStore|x86.Deploy.0 = Release|Any CPU
		{A8BEB63C-115E-4C0F-9F50-2CB1BC26BF1E}.Debug|Any CPU.ActiveCfg = Debug|Any CPU
		{A8BEB63C-115E-4C0F-9F50-2CB1BC26BF1E}.Debug|Any CPU.Build.0 = Debug|Any CPU
		{A8BEB63C-115E-4C0F-9F50-2CB1BC26BF1E}.Debug|Any CPU.Deploy.0 = Debug|Any CPU
		{A8BEB63C-115E-4C0F-9F50-2CB1BC26BF1E}.Debug|ARM.ActiveCfg = Debug|Any CPU
		{A8BEB63C-115E-4C0F-9F50-2CB1BC26BF1E}.Debug|ARM.Build.0 = Debug|Any CPU
		{A8BEB63C-115E-4C0F-9F50-2CB1BC26BF1E}.Debug|ARM.Deploy.0 = Debug|Any CPU
		{A8BEB63C-115E-4C0F-9F50-2CB1BC26BF1E}.Debug|iPhone.ActiveCfg = Debug|Any CPU
		{A8BEB63C-115E-4C0F-9F50-2CB1BC26BF1E}.Debug|iPhone.Build.0 = Debug|Any CPU
		{A8BEB63C-115E-4C0F-9F50-2CB1BC26BF1E}.Debug|iPhone.Deploy.0 = Debug|Any CPU
		{A8BEB63C-115E-4C0F-9F50-2CB1BC26BF1E}.Debug|iPhoneSimulator.ActiveCfg = Debug|Any CPU
		{A8BEB63C-115E-4C0F-9F50-2CB1BC26BF1E}.Debug|iPhoneSimulator.Build.0 = Debug|Any CPU
		{A8BEB63C-115E-4C0F-9F50-2CB1BC26BF1E}.Debug|iPhoneSimulator.Deploy.0 = Debug|Any CPU
		{A8BEB63C-115E-4C0F-9F50-2CB1BC26BF1E}.Debug|x64.ActiveCfg = Debug|Any CPU
		{A8BEB63C-115E-4C0F-9F50-2CB1BC26BF1E}.Debug|x64.Build.0 = Debug|Any CPU
		{A8BEB63C-115E-4C0F-9F50-2CB1BC26BF1E}.Debug|x64.Deploy.0 = Debug|Any CPU
		{A8BEB63C-115E-4C0F-9F50-2CB1BC26BF1E}.Debug|x86.ActiveCfg = Debug|Any CPU
		{A8BEB63C-115E-4C0F-9F50-2CB1BC26BF1E}.Debug|x86.Build.0 = Debug|Any CPU
		{A8BEB63C-115E-4C0F-9F50-2CB1BC26BF1E}.Debug|x86.Deploy.0 = Debug|Any CPU
		{A8BEB63C-115E-4C0F-9F50-2CB1BC26BF1E}.Release|Any CPU.ActiveCfg = Release|Any CPU
		{A8BEB63C-115E-4C0F-9F50-2CB1BC26BF1E}.Release|Any CPU.Build.0 = Release|Any CPU
		{A8BEB63C-115E-4C0F-9F50-2CB1BC26BF1E}.Release|Any CPU.Deploy.0 = Release|Any CPU
		{A8BEB63C-115E-4C0F-9F50-2CB1BC26BF1E}.Release|ARM.ActiveCfg = Release|Any CPU
		{A8BEB63C-115E-4C0F-9F50-2CB1BC26BF1E}.Release|ARM.Build.0 = Release|Any CPU
		{A8BEB63C-115E-4C0F-9F50-2CB1BC26BF1E}.Release|ARM.Deploy.0 = Release|Any CPU
		{A8BEB63C-115E-4C0F-9F50-2CB1BC26BF1E}.Release|iPhone.ActiveCfg = Release|Any CPU
		{A8BEB63C-115E-4C0F-9F50-2CB1BC26BF1E}.Release|iPhone.Build.0 = Release|Any CPU
		{A8BEB63C-115E-4C0F-9F50-2CB1BC26BF1E}.Release|iPhone.Deploy.0 = Release|Any CPU
		{A8BEB63C-115E-4C0F-9F50-2CB1BC26BF1E}.Release|iPhoneSimulator.ActiveCfg = Release|Any CPU
		{A8BEB63C-115E-4C0F-9F50-2CB1BC26BF1E}.Release|iPhoneSimulator.Build.0 = Release|Any CPU
		{A8BEB63C-115E-4C0F-9F50-2CB1BC26BF1E}.Release|iPhoneSimulator.Deploy.0 = Release|Any CPU
		{A8BEB63C-115E-4C0F-9F50-2CB1BC26BF1E}.Release|x64.ActiveCfg = Release|Any CPU
		{A8BEB63C-115E-4C0F-9F50-2CB1BC26BF1E}.Release|x64.Build.0 = Release|Any CPU
		{A8BEB63C-115E-4C0F-9F50-2CB1BC26BF1E}.Release|x64.Deploy.0 = Release|Any CPU
		{A8BEB63C-115E-4C0F-9F50-2CB1BC26BF1E}.Release|x86.ActiveCfg = Release|Any CPU
		{A8BEB63C-115E-4C0F-9F50-2CB1BC26BF1E}.Release|x86.Build.0 = Release|Any CPU
		{A8BEB63C-115E-4C0F-9F50-2CB1BC26BF1E}.Release|x86.Deploy.0 = Release|Any CPU
		{FD404122-D077-412C-A9F5-D09EEC130E09}.Ad-Hoc|Any CPU.ActiveCfg = Ad-Hoc|iPhone
		{FD404122-D077-412C-A9F5-D09EEC130E09}.Ad-Hoc|Any CPU.Build.0 = Ad-Hoc|iPhone
		{FD404122-D077-412C-A9F5-D09EEC130E09}.Ad-Hoc|Any CPU.Deploy.0 = Ad-Hoc|iPhone
		{FD404122-D077-412C-A9F5-D09EEC130E09}.Ad-Hoc|ARM.ActiveCfg = Ad-Hoc|iPhone
		{FD404122-D077-412C-A9F5-D09EEC130E09}.Ad-Hoc|ARM.Build.0 = Ad-Hoc|iPhone
		{FD404122-D077-412C-A9F5-D09EEC130E09}.Ad-Hoc|ARM.Deploy.0 = Ad-Hoc|iPhone
		{FD404122-D077-412C-A9F5-D09EEC130E09}.Ad-Hoc|iPhone.ActiveCfg = Ad-Hoc|iPhone
		{FD404122-D077-412C-A9F5-D09EEC130E09}.Ad-Hoc|iPhone.Build.0 = Ad-Hoc|iPhone
		{FD404122-D077-412C-A9F5-D09EEC130E09}.Ad-Hoc|iPhone.Deploy.0 = Ad-Hoc|iPhone
		{FD404122-D077-412C-A9F5-D09EEC130E09}.Ad-Hoc|iPhoneSimulator.ActiveCfg = Ad-Hoc|iPhoneSimulator
		{FD404122-D077-412C-A9F5-D09EEC130E09}.Ad-Hoc|iPhoneSimulator.Build.0 = Ad-Hoc|iPhoneSimulator
		{FD404122-D077-412C-A9F5-D09EEC130E09}.Ad-Hoc|iPhoneSimulator.Deploy.0 = Ad-Hoc|iPhoneSimulator
		{FD404122-D077-412C-A9F5-D09EEC130E09}.Ad-Hoc|x64.ActiveCfg = Ad-Hoc|iPhone
		{FD404122-D077-412C-A9F5-D09EEC130E09}.Ad-Hoc|x64.Build.0 = Ad-Hoc|iPhone
		{FD404122-D077-412C-A9F5-D09EEC130E09}.Ad-Hoc|x64.Deploy.0 = Ad-Hoc|iPhone
		{FD404122-D077-412C-A9F5-D09EEC130E09}.Ad-Hoc|x86.ActiveCfg = Ad-Hoc|iPhone
		{FD404122-D077-412C-A9F5-D09EEC130E09}.Ad-Hoc|x86.Build.0 = Ad-Hoc|iPhone
		{FD404122-D077-412C-A9F5-D09EEC130E09}.Ad-Hoc|x86.Deploy.0 = Ad-Hoc|iPhone
		{FD404122-D077-412C-A9F5-D09EEC130E09}.AppStore|Any CPU.ActiveCfg = AppStore|iPhone
		{FD404122-D077-412C-A9F5-D09EEC130E09}.AppStore|Any CPU.Build.0 = AppStore|iPhone
		{FD404122-D077-412C-A9F5-D09EEC130E09}.AppStore|Any CPU.Deploy.0 = AppStore|iPhone
		{FD404122-D077-412C-A9F5-D09EEC130E09}.AppStore|ARM.ActiveCfg = AppStore|iPhone
		{FD404122-D077-412C-A9F5-D09EEC130E09}.AppStore|ARM.Build.0 = AppStore|iPhone
		{FD404122-D077-412C-A9F5-D09EEC130E09}.AppStore|ARM.Deploy.0 = AppStore|iPhone
		{FD404122-D077-412C-A9F5-D09EEC130E09}.AppStore|iPhone.ActiveCfg = AppStore|iPhone
		{FD404122-D077-412C-A9F5-D09EEC130E09}.AppStore|iPhone.Build.0 = AppStore|iPhone
		{FD404122-D077-412C-A9F5-D09EEC130E09}.AppStore|iPhone.Deploy.0 = AppStore|iPhone
		{FD404122-D077-412C-A9F5-D09EEC130E09}.AppStore|iPhoneSimulator.ActiveCfg = AppStore|iPhoneSimulator
		{FD404122-D077-412C-A9F5-D09EEC130E09}.AppStore|iPhoneSimulator.Build.0 = AppStore|iPhoneSimulator
		{FD404122-D077-412C-A9F5-D09EEC130E09}.AppStore|iPhoneSimulator.Deploy.0 = AppStore|iPhoneSimulator
		{FD404122-D077-412C-A9F5-D09EEC130E09}.AppStore|x64.ActiveCfg = AppStore|iPhone
		{FD404122-D077-412C-A9F5-D09EEC130E09}.AppStore|x64.Build.0 = AppStore|iPhone
		{FD404122-D077-412C-A9F5-D09EEC130E09}.AppStore|x64.Deploy.0 = AppStore|iPhone
		{FD404122-D077-412C-A9F5-D09EEC130E09}.AppStore|x86.ActiveCfg = AppStore|iPhone
		{FD404122-D077-412C-A9F5-D09EEC130E09}.AppStore|x86.Build.0 = AppStore|iPhone
		{FD404122-D077-412C-A9F5-D09EEC130E09}.AppStore|x86.Deploy.0 = AppStore|iPhone
		{FD404122-D077-412C-A9F5-D09EEC130E09}.Debug|Any CPU.ActiveCfg = Debug|iPhoneSimulator
		{FD404122-D077-412C-A9F5-D09EEC130E09}.Debug|Any CPU.Build.0 = Debug|iPhoneSimulator
		{FD404122-D077-412C-A9F5-D09EEC130E09}.Debug|Any CPU.Deploy.0 = Debug|iPhoneSimulator
		{FD404122-D077-412C-A9F5-D09EEC130E09}.Debug|ARM.ActiveCfg = Debug|iPhone
		{FD404122-D077-412C-A9F5-D09EEC130E09}.Debug|ARM.Build.0 = Debug|iPhone
		{FD404122-D077-412C-A9F5-D09EEC130E09}.Debug|ARM.Deploy.0 = Debug|iPhone
		{FD404122-D077-412C-A9F5-D09EEC130E09}.Debug|iPhone.ActiveCfg = Debug|iPhone
		{FD404122-D077-412C-A9F5-D09EEC130E09}.Debug|iPhone.Build.0 = Debug|iPhone
		{FD404122-D077-412C-A9F5-D09EEC130E09}.Debug|iPhone.Deploy.0 = Debug|iPhone
		{FD404122-D077-412C-A9F5-D09EEC130E09}.Debug|iPhoneSimulator.ActiveCfg = Debug|iPhoneSimulator
		{FD404122-D077-412C-A9F5-D09EEC130E09}.Debug|iPhoneSimulator.Build.0 = Debug|iPhoneSimulator
		{FD404122-D077-412C-A9F5-D09EEC130E09}.Debug|iPhoneSimulator.Deploy.0 = Debug|iPhoneSimulator
		{FD404122-D077-412C-A9F5-D09EEC130E09}.Debug|x64.ActiveCfg = Debug|iPhone
		{FD404122-D077-412C-A9F5-D09EEC130E09}.Debug|x64.Build.0 = Debug|iPhone
		{FD404122-D077-412C-A9F5-D09EEC130E09}.Debug|x64.Deploy.0 = Debug|iPhone
		{FD404122-D077-412C-A9F5-D09EEC130E09}.Debug|x86.ActiveCfg = Debug|iPhone
		{FD404122-D077-412C-A9F5-D09EEC130E09}.Debug|x86.Build.0 = Debug|iPhone
		{FD404122-D077-412C-A9F5-D09EEC130E09}.Debug|x86.Deploy.0 = Debug|iPhone
		{FD404122-D077-412C-A9F5-D09EEC130E09}.Release|Any CPU.ActiveCfg = Release|iPhone
		{FD404122-D077-412C-A9F5-D09EEC130E09}.Release|Any CPU.Build.0 = Release|iPhone
		{FD404122-D077-412C-A9F5-D09EEC130E09}.Release|Any CPU.Deploy.0 = Release|iPhone
		{FD404122-D077-412C-A9F5-D09EEC130E09}.Release|ARM.ActiveCfg = Release|iPhone
		{FD404122-D077-412C-A9F5-D09EEC130E09}.Release|ARM.Build.0 = Release|iPhone
		{FD404122-D077-412C-A9F5-D09EEC130E09}.Release|ARM.Deploy.0 = Release|iPhone
		{FD404122-D077-412C-A9F5-D09EEC130E09}.Release|iPhone.ActiveCfg = Release|iPhone
		{FD404122-D077-412C-A9F5-D09EEC130E09}.Release|iPhone.Build.0 = Release|iPhone
		{FD404122-D077-412C-A9F5-D09EEC130E09}.Release|iPhone.Deploy.0 = Release|iPhone
		{FD404122-D077-412C-A9F5-D09EEC130E09}.Release|iPhoneSimulator.ActiveCfg = Release|iPhoneSimulator
		{FD404122-D077-412C-A9F5-D09EEC130E09}.Release|iPhoneSimulator.Build.0 = Release|iPhoneSimulator
		{FD404122-D077-412C-A9F5-D09EEC130E09}.Release|iPhoneSimulator.Deploy.0 = Release|iPhoneSimulator
		{FD404122-D077-412C-A9F5-D09EEC130E09}.Release|x64.ActiveCfg = Release|iPhone
		{FD404122-D077-412C-A9F5-D09EEC130E09}.Release|x64.Build.0 = Release|iPhone
		{FD404122-D077-412C-A9F5-D09EEC130E09}.Release|x64.Deploy.0 = Release|iPhone
		{FD404122-D077-412C-A9F5-D09EEC130E09}.Release|x86.ActiveCfg = Release|iPhone
		{FD404122-D077-412C-A9F5-D09EEC130E09}.Release|x86.Build.0 = Release|iPhone
		{FD404122-D077-412C-A9F5-D09EEC130E09}.Release|x86.Deploy.0 = Release|iPhone
		{E730141B-2BDF-4048-8059-9CAF2AA9A1A8}.Ad-Hoc|Any CPU.ActiveCfg = Release|x86
		{E730141B-2BDF-4048-8059-9CAF2AA9A1A8}.Ad-Hoc|Any CPU.Build.0 = Release|x86
		{E730141B-2BDF-4048-8059-9CAF2AA9A1A8}.Ad-Hoc|Any CPU.Deploy.0 = Release|x86
		{E730141B-2BDF-4048-8059-9CAF2AA9A1A8}.Ad-Hoc|ARM.ActiveCfg = Release|ARM
		{E730141B-2BDF-4048-8059-9CAF2AA9A1A8}.Ad-Hoc|ARM.Build.0 = Release|ARM
		{E730141B-2BDF-4048-8059-9CAF2AA9A1A8}.Ad-Hoc|ARM.Deploy.0 = Release|ARM
		{E730141B-2BDF-4048-8059-9CAF2AA9A1A8}.Ad-Hoc|iPhone.ActiveCfg = Release|x86
		{E730141B-2BDF-4048-8059-9CAF2AA9A1A8}.Ad-Hoc|iPhone.Build.0 = Release|x86
		{E730141B-2BDF-4048-8059-9CAF2AA9A1A8}.Ad-Hoc|iPhone.Deploy.0 = Release|x86
		{E730141B-2BDF-4048-8059-9CAF2AA9A1A8}.Ad-Hoc|iPhoneSimulator.ActiveCfg = Release|x86
		{E730141B-2BDF-4048-8059-9CAF2AA9A1A8}.Ad-Hoc|iPhoneSimulator.Build.0 = Release|x86
		{E730141B-2BDF-4048-8059-9CAF2AA9A1A8}.Ad-Hoc|iPhoneSimulator.Deploy.0 = Release|x86
		{E730141B-2BDF-4048-8059-9CAF2AA9A1A8}.Ad-Hoc|x64.ActiveCfg = Release|x64
		{E730141B-2BDF-4048-8059-9CAF2AA9A1A8}.Ad-Hoc|x64.Build.0 = Release|x64
		{E730141B-2BDF-4048-8059-9CAF2AA9A1A8}.Ad-Hoc|x64.Deploy.0 = Release|x64
		{E730141B-2BDF-4048-8059-9CAF2AA9A1A8}.Ad-Hoc|x86.ActiveCfg = Release|x86
		{E730141B-2BDF-4048-8059-9CAF2AA9A1A8}.Ad-Hoc|x86.Build.0 = Release|x86
		{E730141B-2BDF-4048-8059-9CAF2AA9A1A8}.Ad-Hoc|x86.Deploy.0 = Release|x86
		{E730141B-2BDF-4048-8059-9CAF2AA9A1A8}.AppStore|Any CPU.ActiveCfg = Release|x86
		{E730141B-2BDF-4048-8059-9CAF2AA9A1A8}.AppStore|Any CPU.Build.0 = Release|x86
		{E730141B-2BDF-4048-8059-9CAF2AA9A1A8}.AppStore|Any CPU.Deploy.0 = Release|x86
		{E730141B-2BDF-4048-8059-9CAF2AA9A1A8}.AppStore|ARM.ActiveCfg = Release|ARM
		{E730141B-2BDF-4048-8059-9CAF2AA9A1A8}.AppStore|ARM.Build.0 = Release|ARM
		{E730141B-2BDF-4048-8059-9CAF2AA9A1A8}.AppStore|ARM.Deploy.0 = Release|ARM
		{E730141B-2BDF-4048-8059-9CAF2AA9A1A8}.AppStore|iPhone.ActiveCfg = Release|x86
		{E730141B-2BDF-4048-8059-9CAF2AA9A1A8}.AppStore|iPhone.Build.0 = Release|x86
		{E730141B-2BDF-4048-8059-9CAF2AA9A1A8}.AppStore|iPhone.Deploy.0 = Release|x86
		{E730141B-2BDF-4048-8059-9CAF2AA9A1A8}.AppStore|iPhoneSimulator.ActiveCfg = Release|x86
		{E730141B-2BDF-4048-8059-9CAF2AA9A1A8}.AppStore|iPhoneSimulator.Build.0 = Release|x86
		{E730141B-2BDF-4048-8059-9CAF2AA9A1A8}.AppStore|iPhoneSimulator.Deploy.0 = Release|x86
		{E730141B-2BDF-4048-8059-9CAF2AA9A1A8}.AppStore|x64.ActiveCfg = Release|x64
		{E730141B-2BDF-4048-8059-9CAF2AA9A1A8}.AppStore|x64.Build.0 = Release|x64
		{E730141B-2BDF-4048-8059-9CAF2AA9A1A8}.AppStore|x64.Deploy.0 = Release|x64
		{E730141B-2BDF-4048-8059-9CAF2AA9A1A8}.AppStore|x86.ActiveCfg = Release|x86
		{E730141B-2BDF-4048-8059-9CAF2AA9A1A8}.AppStore|x86.Build.0 = Release|x86
		{E730141B-2BDF-4048-8059-9CAF2AA9A1A8}.AppStore|x86.Deploy.0 = Release|x86
		{E730141B-2BDF-4048-8059-9CAF2AA9A1A8}.Debug|Any CPU.ActiveCfg = Debug|x86
		{E730141B-2BDF-4048-8059-9CAF2AA9A1A8}.Debug|Any CPU.Build.0 = Debug|x86
		{E730141B-2BDF-4048-8059-9CAF2AA9A1A8}.Debug|Any CPU.Deploy.0 = Debug|x86
		{E730141B-2BDF-4048-8059-9CAF2AA9A1A8}.Debug|ARM.ActiveCfg = Debug|ARM
		{E730141B-2BDF-4048-8059-9CAF2AA9A1A8}.Debug|ARM.Build.0 = Debug|ARM
		{E730141B-2BDF-4048-8059-9CAF2AA9A1A8}.Debug|ARM.Deploy.0 = Debug|ARM
		{E730141B-2BDF-4048-8059-9CAF2AA9A1A8}.Debug|iPhone.ActiveCfg = Debug|x86
		{E730141B-2BDF-4048-8059-9CAF2AA9A1A8}.Debug|iPhone.Build.0 = Debug|x86
		{E730141B-2BDF-4048-8059-9CAF2AA9A1A8}.Debug|iPhone.Deploy.0 = Debug|x86
		{E730141B-2BDF-4048-8059-9CAF2AA9A1A8}.Debug|iPhoneSimulator.ActiveCfg = Debug|x86
		{E730141B-2BDF-4048-8059-9CAF2AA9A1A8}.Debug|iPhoneSimulator.Build.0 = Debug|x86
		{E730141B-2BDF-4048-8059-9CAF2AA9A1A8}.Debug|iPhoneSimulator.Deploy.0 = Debug|x86
		{E730141B-2BDF-4048-8059-9CAF2AA9A1A8}.Debug|x64.ActiveCfg = Debug|x64
		{E730141B-2BDF-4048-8059-9CAF2AA9A1A8}.Debug|x64.Build.0 = Debug|x64
		{E730141B-2BDF-4048-8059-9CAF2AA9A1A8}.Debug|x64.Deploy.0 = Debug|x64
		{E730141B-2BDF-4048-8059-9CAF2AA9A1A8}.Debug|x86.ActiveCfg = Debug|x86
		{E730141B-2BDF-4048-8059-9CAF2AA9A1A8}.Debug|x86.Build.0 = Debug|x86
		{E730141B-2BDF-4048-8059-9CAF2AA9A1A8}.Debug|x86.Deploy.0 = Debug|x86
		{E730141B-2BDF-4048-8059-9CAF2AA9A1A8}.Release|Any CPU.ActiveCfg = Release|x86
		{E730141B-2BDF-4048-8059-9CAF2AA9A1A8}.Release|Any CPU.Build.0 = Release|x86
		{E730141B-2BDF-4048-8059-9CAF2AA9A1A8}.Release|Any CPU.Deploy.0 = Release|x86
		{E730141B-2BDF-4048-8059-9CAF2AA9A1A8}.Release|ARM.ActiveCfg = Release|ARM
		{E730141B-2BDF-4048-8059-9CAF2AA9A1A8}.Release|ARM.Build.0 = Release|ARM
		{E730141B-2BDF-4048-8059-9CAF2AA9A1A8}.Release|ARM.Deploy.0 = Release|ARM
		{E730141B-2BDF-4048-8059-9CAF2AA9A1A8}.Release|iPhone.ActiveCfg = Release|x86
		{E730141B-2BDF-4048-8059-9CAF2AA9A1A8}.Release|iPhone.Build.0 = Release|x86
		{E730141B-2BDF-4048-8059-9CAF2AA9A1A8}.Release|iPhone.Deploy.0 = Release|x86
		{E730141B-2BDF-4048-8059-9CAF2AA9A1A8}.Release|iPhoneSimulator.ActiveCfg = Release|x86
		{E730141B-2BDF-4048-8059-9CAF2AA9A1A8}.Release|iPhoneSimulator.Build.0 = Release|x86
		{E730141B-2BDF-4048-8059-9CAF2AA9A1A8}.Release|iPhoneSimulator.Deploy.0 = Release|x86
		{E730141B-2BDF-4048-8059-9CAF2AA9A1A8}.Release|x64.ActiveCfg = Release|x64
		{E730141B-2BDF-4048-8059-9CAF2AA9A1A8}.Release|x64.Build.0 = Release|x64
		{E730141B-2BDF-4048-8059-9CAF2AA9A1A8}.Release|x64.Deploy.0 = Release|x64
		{E730141B-2BDF-4048-8059-9CAF2AA9A1A8}.Release|x86.ActiveCfg = Release|x86
		{E730141B-2BDF-4048-8059-9CAF2AA9A1A8}.Release|x86.Build.0 = Release|x86
		{E730141B-2BDF-4048-8059-9CAF2AA9A1A8}.Release|x86.Deploy.0 = Release|x86
		{48C72EDC-B79A-47D8-AACA-DBAF215648DA}.Ad-Hoc|Any CPU.ActiveCfg = Debug|Any CPU
		{48C72EDC-B79A-47D8-AACA-DBAF215648DA}.Ad-Hoc|Any CPU.Build.0 = Debug|Any CPU
		{48C72EDC-B79A-47D8-AACA-DBAF215648DA}.Ad-Hoc|Any CPU.Deploy.0 = Debug|Any CPU
		{48C72EDC-B79A-47D8-AACA-DBAF215648DA}.Ad-Hoc|ARM.ActiveCfg = Debug|Any CPU
		{48C72EDC-B79A-47D8-AACA-DBAF215648DA}.Ad-Hoc|ARM.Build.0 = Debug|Any CPU
		{48C72EDC-B79A-47D8-AACA-DBAF215648DA}.Ad-Hoc|ARM.Deploy.0 = Debug|Any CPU
		{48C72EDC-B79A-47D8-AACA-DBAF215648DA}.Ad-Hoc|iPhone.ActiveCfg = Debug|Any CPU
		{48C72EDC-B79A-47D8-AACA-DBAF215648DA}.Ad-Hoc|iPhone.Build.0 = Debug|Any CPU
		{48C72EDC-B79A-47D8-AACA-DBAF215648DA}.Ad-Hoc|iPhone.Deploy.0 = Debug|Any CPU
		{48C72EDC-B79A-47D8-AACA-DBAF215648DA}.Ad-Hoc|iPhoneSimulator.ActiveCfg = Debug|Any CPU
		{48C72EDC-B79A-47D8-AACA-DBAF215648DA}.Ad-Hoc|iPhoneSimulator.Build.0 = Debug|Any CPU
		{48C72EDC-B79A-47D8-AACA-DBAF215648DA}.Ad-Hoc|iPhoneSimulator.Deploy.0 = Debug|Any CPU
		{48C72EDC-B79A-47D8-AACA-DBAF215648DA}.Ad-Hoc|x64.ActiveCfg = Debug|Any CPU
		{48C72EDC-B79A-47D8-AACA-DBAF215648DA}.Ad-Hoc|x64.Build.0 = Debug|Any CPU
		{48C72EDC-B79A-47D8-AACA-DBAF215648DA}.Ad-Hoc|x64.Deploy.0 = Debug|Any CPU
		{48C72EDC-B79A-47D8-AACA-DBAF215648DA}.Ad-Hoc|x86.ActiveCfg = Debug|Any CPU
		{48C72EDC-B79A-47D8-AACA-DBAF215648DA}.Ad-Hoc|x86.Build.0 = Debug|Any CPU
		{48C72EDC-B79A-47D8-AACA-DBAF215648DA}.Ad-Hoc|x86.Deploy.0 = Debug|Any CPU
		{48C72EDC-B79A-47D8-AACA-DBAF215648DA}.AppStore|Any CPU.ActiveCfg = Debug|Any CPU
		{48C72EDC-B79A-47D8-AACA-DBAF215648DA}.AppStore|Any CPU.Build.0 = Debug|Any CPU
		{48C72EDC-B79A-47D8-AACA-DBAF215648DA}.AppStore|Any CPU.Deploy.0 = Debug|Any CPU
		{48C72EDC-B79A-47D8-AACA-DBAF215648DA}.AppStore|ARM.ActiveCfg = Debug|Any CPU
		{48C72EDC-B79A-47D8-AACA-DBAF215648DA}.AppStore|ARM.Build.0 = Debug|Any CPU
		{48C72EDC-B79A-47D8-AACA-DBAF215648DA}.AppStore|ARM.Deploy.0 = Debug|Any CPU
		{48C72EDC-B79A-47D8-AACA-DBAF215648DA}.AppStore|iPhone.ActiveCfg = Debug|Any CPU
		{48C72EDC-B79A-47D8-AACA-DBAF215648DA}.AppStore|iPhone.Build.0 = Debug|Any CPU
		{48C72EDC-B79A-47D8-AACA-DBAF215648DA}.AppStore|iPhone.Deploy.0 = Debug|Any CPU
		{48C72EDC-B79A-47D8-AACA-DBAF215648DA}.AppStore|iPhoneSimulator.ActiveCfg = Debug|Any CPU
		{48C72EDC-B79A-47D8-AACA-DBAF215648DA}.AppStore|iPhoneSimulator.Build.0 = Debug|Any CPU
		{48C72EDC-B79A-47D8-AACA-DBAF215648DA}.AppStore|iPhoneSimulator.Deploy.0 = Debug|Any CPU
		{48C72EDC-B79A-47D8-AACA-DBAF215648DA}.AppStore|x64.ActiveCfg = Debug|Any CPU
		{48C72EDC-B79A-47D8-AACA-DBAF215648DA}.AppStore|x64.Build.0 = Debug|Any CPU
		{48C72EDC-B79A-47D8-AACA-DBAF215648DA}.AppStore|x64.Deploy.0 = Debug|Any CPU
		{48C72EDC-B79A-47D8-AACA-DBAF215648DA}.AppStore|x86.ActiveCfg = Debug|Any CPU
		{48C72EDC-B79A-47D8-AACA-DBAF215648DA}.AppStore|x86.Build.0 = Debug|Any CPU
		{48C72EDC-B79A-47D8-AACA-DBAF215648DA}.AppStore|x86.Deploy.0 = Debug|Any CPU
		{48C72EDC-B79A-47D8-AACA-DBAF215648DA}.Debug|Any CPU.ActiveCfg = Debug|Any CPU
		{48C72EDC-B79A-47D8-AACA-DBAF215648DA}.Debug|Any CPU.Build.0 = Debug|Any CPU
		{48C72EDC-B79A-47D8-AACA-DBAF215648DA}.Debug|Any CPU.Deploy.0 = Debug|Any CPU
		{48C72EDC-B79A-47D8-AACA-DBAF215648DA}.Debug|ARM.ActiveCfg = Debug|Any CPU
		{48C72EDC-B79A-47D8-AACA-DBAF215648DA}.Debug|ARM.Build.0 = Debug|Any CPU
		{48C72EDC-B79A-47D8-AACA-DBAF215648DA}.Debug|ARM.Deploy.0 = Debug|Any CPU
		{48C72EDC-B79A-47D8-AACA-DBAF215648DA}.Debug|iPhone.ActiveCfg = Debug|Any CPU
		{48C72EDC-B79A-47D8-AACA-DBAF215648DA}.Debug|iPhone.Build.0 = Debug|Any CPU
		{48C72EDC-B79A-47D8-AACA-DBAF215648DA}.Debug|iPhone.Deploy.0 = Debug|Any CPU
		{48C72EDC-B79A-47D8-AACA-DBAF215648DA}.Debug|iPhoneSimulator.ActiveCfg = Debug|Any CPU
		{48C72EDC-B79A-47D8-AACA-DBAF215648DA}.Debug|iPhoneSimulator.Build.0 = Debug|Any CPU
		{48C72EDC-B79A-47D8-AACA-DBAF215648DA}.Debug|iPhoneSimulator.Deploy.0 = Debug|Any CPU
		{48C72EDC-B79A-47D8-AACA-DBAF215648DA}.Debug|x64.ActiveCfg = Debug|Any CPU
		{48C72EDC-B79A-47D8-AACA-DBAF215648DA}.Debug|x64.Build.0 = Debug|Any CPU
		{48C72EDC-B79A-47D8-AACA-DBAF215648DA}.Debug|x64.Deploy.0 = Debug|Any CPU
		{48C72EDC-B79A-47D8-AACA-DBAF215648DA}.Debug|x86.ActiveCfg = Debug|Any CPU
		{48C72EDC-B79A-47D8-AACA-DBAF215648DA}.Debug|x86.Build.0 = Debug|Any CPU
		{48C72EDC-B79A-47D8-AACA-DBAF215648DA}.Debug|x86.Deploy.0 = Debug|Any CPU
		{48C72EDC-B79A-47D8-AACA-DBAF215648DA}.Release|Any CPU.ActiveCfg = Release|Any CPU
		{48C72EDC-B79A-47D8-AACA-DBAF215648DA}.Release|Any CPU.Build.0 = Release|Any CPU
		{48C72EDC-B79A-47D8-AACA-DBAF215648DA}.Release|Any CPU.Deploy.0 = Release|Any CPU
		{48C72EDC-B79A-47D8-AACA-DBAF215648DA}.Release|ARM.ActiveCfg = Release|Any CPU
		{48C72EDC-B79A-47D8-AACA-DBAF215648DA}.Release|ARM.Build.0 = Release|Any CPU
		{48C72EDC-B79A-47D8-AACA-DBAF215648DA}.Release|ARM.Deploy.0 = Release|Any CPU
		{48C72EDC-B79A-47D8-AACA-DBAF215648DA}.Release|iPhone.ActiveCfg = Release|Any CPU
		{48C72EDC-B79A-47D8-AACA-DBAF215648DA}.Release|iPhone.Build.0 = Release|Any CPU
		{48C72EDC-B79A-47D8-AACA-DBAF215648DA}.Release|iPhone.Deploy.0 = Release|Any CPU
		{48C72EDC-B79A-47D8-AACA-DBAF215648DA}.Release|iPhoneSimulator.ActiveCfg = Release|Any CPU
		{48C72EDC-B79A-47D8-AACA-DBAF215648DA}.Release|iPhoneSimulator.Build.0 = Release|Any CPU
		{48C72EDC-B79A-47D8-AACA-DBAF215648DA}.Release|iPhoneSimulator.Deploy.0 = Release|Any CPU
		{48C72EDC-B79A-47D8-AACA-DBAF215648DA}.Release|x64.ActiveCfg = Release|Any CPU
		{48C72EDC-B79A-47D8-AACA-DBAF215648DA}.Release|x64.Build.0 = Release|Any CPU
		{48C72EDC-B79A-47D8-AACA-DBAF215648DA}.Release|x64.Deploy.0 = Release|Any CPU
		{48C72EDC-B79A-47D8-AACA-DBAF215648DA}.Release|x86.ActiveCfg = Release|Any CPU
		{48C72EDC-B79A-47D8-AACA-DBAF215648DA}.Release|x86.Build.0 = Release|Any CPU
		{48C72EDC-B79A-47D8-AACA-DBAF215648DA}.Release|x86.Deploy.0 = Release|Any CPU
	EndGlobalSection
	GlobalSection(SolutionProperties) = preSolution
		HideSolutionNode = FALSE
	EndGlobalSection
	GlobalSection(ExtensibilityGlobals) = postSolution
		SolutionGuid = {773DCA27-646C-4C84-9495-82EB7E1CF9C5}
	EndGlobalSection
EndGlobal
